
Microsoft Visual Studio Solution File, Format Version 12.00
# Visual Studio Version 17
VisualStudioVersion = 17.14.36603.0 d17.14
MinimumVisualStudioVersion = 10.0.40219.1
Project("{FAE04EC0-301F-11D3-BF4B-00C04F79EFBC}") = "MyFunctionApp", "MyFunctionApp\MyFunctionApp.csproj", "{5170D483-F381-4860-AE62-D25104CC25FD}"
EndProject
Project("{FAE04EC0-301F-11D3-BF4B-00C04F79EFBC}") = "MyFunctionApp.Tests", "MyFunctionApp.Tests\MyFunctionApp.Tests.csproj", "{132A67C1-AB98-5BE8-A766-DCB0BF3C9234}"
EndProject
Global
	GlobalSection(SolutionConfigurationPlatforms) = preSolution
		Debug|Any CPU = Debug|Any CPU
		Release|Any CPU = Release|Any CPU
	EndGlobalSection
	GlobalSection(ProjectConfigurationPlatforms) = postSolution
		{5170D483-F381-4860-AE62-D25104CC25FD}.Debug|Any CPU.ActiveCfg = Debug|Any CPU
		{5170D483-F381-4860-AE62-D25104CC25FD}.Debug|Any CPU.Build.0 = Debug|Any CPU
		{5170D483-F381-4860-AE62-D25104CC25FD}.Release|Any CPU.ActiveCfg = Release|Any CPU
		{5170D483-F381-4860-AE62-D25104CC25FD}.Release|Any CPU.Build.0 = Release|Any CPU
		{132A67C1-AB98-5BE8-A766-DCB0BF3C9234}.Debug|Any CPU.ActiveCfg = Debug|Any CPU
		{132A67C1-AB98-5BE8-A766-DCB0BF3C9234}.Debug|Any CPU.Build.0 = Debug|Any CPU
		{132A67C1-AB98-5BE8-A766-DCB0BF3C9234}.Release|Any CPU.ActiveCfg = Release|Any CPU
		{132A67C1-AB98-5BE8-A766-DCB0BF3C9234}.Release|Any CPU.Build.0 = Release|Any CPU
	EndGlobalSection
	GlobalSection(SolutionProperties) = preSolution
		HideSolutionNode = FALSE
	EndGlobalSection
	GlobalSection(ExtensibilityGlobals) = postSolution
		SolutionGuid = {B67B486B-89F4-4D8A-B9E0-05C6905686A5}
	EndGlobalSection
EndGlobal
